# This file is automatically @generated by Cargo.
# It is not intended for manual editing.
[[package]]
name = "joy"
version = "0.1.3"
source = "registry+https://github.com/rust-lang/crates.io-index"
dependencies = [
 "libc 0.2.49 (registry+https://github.com/rust-lang/crates.io-index)",
 "syscall 0.2.1 (registry+https://github.com/rust-lang/crates.io-index)",
]

[[package]]
name = "libc"
version = "0.2.49"
source = "registry+https://github.com/rust-lang/crates.io-index"

[[package]]
name = "rust_rpi_lora"
version = "0.1.0"
dependencies = [
 "joy 0.1.3 (registry+https://github.com/rust-lang/crates.io-index)",
]

[[package]]
name = "syscall"
version = "0.2.1"
source = "registry+https://github.com/rust-lang/crates.io-index"

[metadata]
"checksum joy 0.1.3 (registry+https://github.com/rust-lang/crates.io-index)" = "0deb1d8163dcc7914c691401f58a6e22555d84ec0eaeea03d13797a27bc63c0b"
"checksum libc 0.2.49 (registry+https://github.com/rust-lang/crates.io-index)" = "413f3dfc802c5dc91dc570b05125b6cda9855edfaa9825c9849807876376e70e"
"checksum syscall 0.2.1 (registry+https://github.com/rust-lang/crates.io-index)" = "dae2c4de039bf338dd96f46621f20222c4101045dac5403b46f472608cb5b556"
